// !$*UTF8*$!
{
	archiveVersion = 1;
	classes = {
	};
	objectVersion = 50;
	objects = {

/* Begin PBXBuildFile section */
		90FC77B4230B976900D9F032 /* leptjson.c in Sources */ = {isa = PBXBuildFile; fileRef = 90FC77B3230B976900D9F032 /* leptjson.c */; };
		90FC77B6230B978400D9F032 /* test.c in Sources */ = {isa = PBXBuildFile; fileRef = 90FC77B5230B978400D9F032 /* test.c */; };
/* End PBXBuildFile section */

/* Begin PBXCopyFilesBuildPhase section */
		90FC77A6230B973700D9F032 /* CopyFiles */ = {
			isa = PBXCopyFilesBuildPhase;
			buildActionMask = 2147483647;
			dstPath = /usr/share/man/man1/;
			dstSubfolderSpec = 0;
			files = (
			);
			runOnlyForDeploymentPostprocessing = 1;
		};
/* End PBXCopyFilesBuildPhase section */

/* Begin PBXFileReference section */
		90FC77A8230B973700D9F032 /* tutorial01_exercise */ = {isa = PBXFileReference; explicitFileType = "compiled.mach-o.executable"; includeInIndex = 0; path = tutorial01_exercise; sourceTree = BUILT_PRODUCTS_DIR; };
		90FC77B2230B976900D9F032 /* leptjson.h */ = {isa = PBXFileReference; lastKnownFileType = sourcecode.c.h; path = leptjson.h; sourceTree = "<group>"; };
		90FC77B3230B976900D9F032 /* leptjson.c */ = {isa = PBXFileReference; lastKnownFileType = sourcecode.c.c; path = leptjson.c; sourceTree = "<group>"; };
		90FC77B5230B978400D9F032 /* test.c */ = {isa = PBXFileReference; lastKnownFileType = sourcecode.c.c; path = test.c; sourceTree = "<group>"; };
/* End PBXFileReference section */

/* Begin PBXFrameworksBuildPhase section */
		90FC77A5230B973700D9F032 /* Frameworks */ = {
			isa = PBXFrameworksBuildPhase;
			buildActionMask = 2147483647;
			files = (
			);
			runOnlyForDeploymentPostprocessing = 0;
		};
/* End PBXFrameworksBuildPhase section */

/* Begin PBXGroup section */
		90FC779F230B973700D9F032 = {
			isa = PBXGroup;
			children = (
				90FC77AA230B973700D9F032 /* tutorial01_exercise */,
				90FC77A9230B973700D9F032 /* Products */,
			);
			sourceTree = "<group>";
		};
		90FC77A9230B973700D9F032 /* Products */ = {
			isa = PBXGroup;
			children = (
				90FC77A8230B973700D9F032 /* tutorial01_exercise */,
			);
			name = Products;
			sourceTree = "<group>";
		};
		90FC77AA230B973700D9F032 /* tutorial01_exercise */ = {
			isa = PBXGroup;
			children = (
				90FC77B2230B976900D9F032 /* leptjson.h */,
				90FC77B3230B976900D9F032 /* leptjson.c */,
				90FC77B5230B978400D9F032 /* test.c */,
			);
			path = tutorial01_exercise;
			sourceTree = "<group>";
		};
/* End PBXGroup section */

/* Begin PBXNativeTarget section */
		90FC77A7230B973700D9F032 /* tutorial01_exercise */ = {
			isa = PBXNativeTarget;
			buildConfigurationList = 90FC77AF230B973700D9F032 /* Build configuration list for PBXNativeTarget "tutorial01_exercise" */;
			buildPhases = (
				90FC77A4230B973700D9F032 /* Sources */,
				90FC77A5230B973700D9F032 /* Frameworks */,
				90FC77A6230B973700D9F032 /* CopyFiles */,
			);
			buildRules = (
			);
			dependencies = (
			);
			name = tutorial01_exercise;
			productName = tutorial01_exercise;
			productReference = 90FC77A8230B973700D9F032 /* tutorial01_exercise */;
			productType = "com.apple.product-type.tool";
		};
/* End PBXNativeTarget section */

/* Begin PBXProject section */
		90FC77A0230B973700D9F032 /* Project object */ = {
			isa = PBXProject;
			attributes = {
				LastUpgradeCheck = 1030;
				ORGANIZATIONNAME = huangwei;
				TargetAttributes = {
					90FC77A7230B973700D9F032 = {
						CreatedOnToolsVersion = 10.3;
					};
				};
			};
			buildConfigurationList = 90FC77A3230B973700D9F032 /* Build configuration list for PBXProject "tutorial01_exercise" */;
			compatibilityVersion = "Xcode 9.3";
			developmentRegion = en;
			hasScannedForEncodings = 0;
			knownRegions = (
				en,
			);
			mainGroup = 90FC779F230B973700D9F032;
			productRefGroup = 90FC77A9230B973700D9F032 /* Products */;
			projectDirPath = "";
			projectRoot = "";
			targets = (
				90FC77A7230B973700D9F032 /* tutorial01_exercise */,
			);
		};
/* End PBXProject section */

/* Begin PBXSourcesBuildPhase section */
		90FC77A4230B973700D9F032 /* Sources */ = {
			isa = PBXSourcesBuildPhase;
			buildActionMask = 2147483647;
			files = (
				90FC77B6230B978400D9F032 /* test.c in Sources */,
				90FC77B4230B976900D9F032 /* leptjson.c in Sources */,
			);
			runOnlyForDeploymentPostprocessing = 0;
		};
/* End PBXSourcesBuildPhase section */

/* Begin XCBuildConfiguration section */
		90FC77AD230B973700D9F032 /* Debug */ = {
			isa = XCBuildConfiguration;
			buildSettings = {
				ALWAYS_SEARCH_USER_PATHS = NO;
				CLANG_ANALYZER_NONNULL = YES;
				CLANG_ANALYZER_NUMBER_OBJECT_CONVERSION = YES_AGGRESSIVE;
				CLANG_CXX_LANGUAGE_STANDARD = "gnu++14";
				CLANG_CXX_LIBRARY = "libc++";
				CLANG_ENABLE_MODULES = YES;
				CLANG_ENABLE_OBJC_ARC = YES;
				CLANG_ENABLE_OBJC_WEAK = YES;
				CLANG_WARN_BLOCK_CAPTURE_AUTORELEASING = YES;
				CLANG_WARN_BOOL_CONVERSION = YES;
				CLANG_WARN_COMMA = YES;
				CLANG_WARN_CONSTANT_CONVERSION = YES;
				CLANG_WARN_DEPRECATED_OBJC_IMPLEMENTATIONS = YES;
				CLANG_WARN_DIRECT_OBJC_ISA_USAGE = YES_ERROR;
				CLANG_WARN_DOCUMENTATION_COMMENTS = YES;
				CLANG_WARN_EMPTY_BODY = YES;
				CLANG_WARN_ENUM_CONVERSION = YES;
				CLANG_WARN_INFINITE_RECURSION = YES;
				CLANG_WARN_INT_CONVERSION = YES;
				CLANG_WARN_NON_LITERAL_NULL_CONVERSION = YES;
				CLANG_WARN_OBJC_IMPLICIT_RETAIN_SELF = YES;
				CLANG_WARN_OBJC_LITERAL_CONVERSION = YES;
				CLANG_WARN_OBJC_ROOT_CLASS = YES_ERROR;
				CLANG_WARN_RANGE_LOOP_ANALYSIS = YES;
				CLANG_WARN_STRICT_PROTOTYPES = YES;
				CLANG_WARN_SUSPICIOUS_MOVE = YES;
				CLANG_WARN_UNGUARDED_AVAILABILITY = YES_AGGRESSIVE;
				CLANG_WARN_UNREACHABLE_CODE = YES;
				CLANG_WARN__DUPLICATE_METHOD_MATCH = YES;
				CODE_SIGN_IDENTITY = "Mac Developer";
				COPY_PHASE_STRIP = NO;
				DEBUG_INFORMATION_FORMAT = dwarf;
				ENABLE_STRICT_OBJC_MSGSEND = YES;
				ENABLE_TESTABILITY = YES;
				GCC_C_LANGUAGE_STANDARD = gnu11;
				GCC_DYNAMIC_NO_PIC = NO;
				GCC_NO_COMMON_BLOCKS = YES;
				GCC_OPTIMIZATION_LEVEL = 0;
				GCC_PREPROCESSOR_DEFINITIONS = (
					"DEBUG=1",
					"$(inherited)",
				);
				GCC_WARN_64_TO_32_BIT_CONVERSION = YES;
				GCC_WARN_ABOUT_RETURN_TYPE = YES_ERROR;
				GCC_WARN_UNDECLARED_SELECTOR = YES;
				GCC_WARN_UNINITIALIZED_AUTOS = YES_AGGRESSIVE;
				GCC_WARN_UNUSED_FUNCTION = YES;
				GCC_WARN_UNUSED_VARIABLE = YES;
				MACOSX_DEPLOYMENT_TARGET = 10.14;
				MTL_ENABLE_DEBUG_INFO = INCLUDE_SOURCE;
				MTL_FAST_MATH = YES;
				ONLY_ACTIVE_ARCH = YES;
				SDKROOT = macosx;
			};
			name = Debug;
		};
		90FC77AE230B973700D9F032 /* Release */ = {
			isa = XCBuildConfiguration;
			buildSettings = {
				ALWAYS_SEARCH_USER_PATHS = NO;
				CLANG_ANALYZER_NONNULL = YES;
				CLANG_ANALYZER_NUMBER_OBJECT_CONVERSION = YES_AGGRESSIVE;
				CLANG_CXX_LANGUAGE_STANDARD = "gnu++14";
				CLANG_CXX_LIBRARY = "libc++";
				CLANG_ENABLE_MODULES = YES;
				CLANG_ENABLE_OBJC_ARC = YES;
				CLANG_ENABLE_OBJC_WEAK = YES;
				CLANG_WARN_BLOCK_CAPTURE_AUTORELEASING = YES;
				CLANG_WARN_BOOL_CONVERSION = YES;
				CLANG_WARN_COMMA = YES;
				CLANG_WARN_CONSTANT_CONVERSION = YES;
				CLANG_WARN_DEPRECATED_OBJC_IMPLEMENTATIONS = YES;
				CLANG_WARN_DIRECT_OBJC_ISA_USAGE = YES_ERROR;
				CLANG_WARN_DOCUMENTATION_COMMENTS = YES;
				CLANG_WARN_EMPTY_BODY = YES;
				CLANG_WARN_ENUM_CONVERSION = YES;
				CLANG_WARN_INFINITE_RECURSION = YES;
				CLANG_WARN_INT_CONVERSION = YES;
				CLANG_WARN_NON_LITERAL_NULL_CONVERSION = YES;
				CLANG_WARN_OBJC_IMPLICIT_RETAIN_SELF = YES;
				CLANG_WARN_OBJC_LITERAL_CONVERSION = YES;
				CLANG_WARN_OBJC_ROOT_CLASS = YES_ERROR;
				CLANG_WARN_RANGE_LOOP_ANALYSIS = YES;
				CLANG_WARN_STRICT_PROTOTYPES = YES;
				CLANG_WARN_SUSPICIOUS_MOVE = YES;
				CLANG_WARN_UNGUARDED_AVAILABILITY = YES_AGGRESSIVE;
				CLANG_WARN_UNREACHABLE_CODE = YES;
				CLANG_WARN__DUPLICATE_METHOD_MATCH = YES;
				CODE_SIGN_IDENTITY = "Mac Developer";
				COPY_PHASE_STRIP = NO;
				DEBUG_INFORMATION_FORMAT = "dwarf-with-dsym";
				ENABLE_NS_ASSERTIONS = NO;
				ENABLE_STRICT_OBJC_MSGSEND = YES;
				GCC_C_LANGUAGE_STANDARD = gnu11;
				GCC_NO_COMMON_BLOCKS = YES;
				GCC_WARN_64_TO_32_BIT_CONVERSION = YES;
				GCC_WARN_ABOUT_RETURN_TYPE = YES_ERROR;
				GCC_WARN_UNDECLARED_SELECTOR = YES;
				GCC_WARN_UNINITIALIZED_AUTOS = YES_AGGRESSIVE;
				GCC_WARN_UNUSED_FUNCTION = YES;
				GCC_WARN_UNUSED_VARIABLE = YES;
				MACOSX_DEPLOYMENT_TARGET = 10.14;
				MTL_ENABLE_DEBUG_INFO = NO;
				MTL_FAST_MATH = YES;
				SDKROOT = macosx;
			};
			name = Release;
		};
		90FC77B0230B973700D9F032 /* Debug */ = {
			isa = XCBuildConfiguration;
			buildSettings = {
				CODE_SIGN_STYLE = Automatic;
				DEVELOPMENT_TEAM = HK4D772C6B;
				PRODUCT_NAME = "$(TARGET_NAME)";
			};
			name = Debug;
		};
		90FC77B1230B973700D9F032 /* Release */ = {
			isa = XCBuildConfiguration;
			buildSettings = {
				CODE_SIGN_STYLE = Automatic;
				DEVELOPMENT_TEAM = HK4D772C6B;
				PRODUCT_NAME = "$(TARGET_NAME)";
			};
			name = Release;
		};
/* End XCBuildConfiguration section */

/* Begin XCConfigurationList section */
		90FC77A3230B973700D9F032 /* Build configuration list for PBXProject "tutorial01_exercise" */ = {
			isa = XCConfigurationList;
			buildConfigurations = (
				90FC77AD230B973700D9F032 /* Debug */,
				90FC77AE230B973700D9F032 /* Release */,
			);
			defaultConfigurationIsVisible = 0;
			defaultConfigurationName = Release;
		};
		90FC77AF230B973700D9F032 /* Build configuration list for PBXNativeTarget "tutorial01_exercise" */ = {
			isa = XCConfigurationList;
			buildConfigurations = (
				90FC77B0230B973700D9F032 /* Debug */,
				90FC77B1230B973700D9F032 /* Release */,
			);
			defaultConfigurationIsVisible = 0;
			defaultConfigurationName = Release;
		};
/* End XCConfigurationList section */
	};
	rootObject = 90FC77A0230B973700D9F032 /* Project object */;
}
